// !$*UTF8*$!
{
	archiveVersion = 1;
	classes = {
	};
	objectVersion = 46;
	objects = {

/* Begin PBXBuildFile section */
		66BF897F1CCDF8D20039E016 /* main.m in Sources */ = {isa = PBXBuildFile; fileRef = 66BF897E1CCDF8D20039E016 /* main.m */; };
		66BF89821CCDF8D20039E016 /* AppDelegate.m in Sources */ = {isa = PBXBuildFile; fileRef = 66BF89811CCDF8D20039E016 /* AppDelegate.m */; };
		66BF89851CCDF8D20039E016 /* ViewController.m in Sources */ = {isa = PBXBuildFile; fileRef = 66BF89841CCDF8D20039E016 /* ViewController.m */; };
		66BF89881CCDF8D30039E016 /* Main.storyboard in Resources */ = {isa = PBXBuildFile; fileRef = 66BF89861CCDF8D30039E016 /* Main.storyboard */; };
		66BF898A1CCDF8D30039E016 /* Assets.xcassets in Resources */ = {isa = PBXBuildFile; fileRef = 66BF89891CCDF8D30039E016 /* Assets.xcassets */; };
		66BF898D1CCDF8D30039E016 /* LaunchScreen.storyboard in Resources */ = {isa = PBXBuildFile; fileRef = 66BF898B1CCDF8D30039E016 /* LaunchScreen.storyboard */; };
		66BF89981CCDF8D30039E016 /* GDQrCodeScannerExampleTests.m in Sources */ = {isa = PBXBuildFile; fileRef = 66BF89971CCDF8D30039E016 /* GDQrCodeScannerExampleTests.m */; };
		66BF89A31CCDF8D30039E016 /* GDQrCodeScannerExampleUITests.m in Sources */ = {isa = PBXBuildFile; fileRef = 66BF89A21CCDF8D30039E016 /* GDQrCodeScannerExampleUITests.m */; };
		66BF89B31CCDF9230039E016 /* GDQrCodeScanner.m in Sources */ = {isa = PBXBuildFile; fileRef = 66BF89B21CCDF9230039E016 /* GDQrCodeScanner.m */; };
/* End PBXBuildFile section */

/* Begin PBXContainerItemProxy section */
		66BF89941CCDF8D30039E016 /* PBXContainerItemProxy */ = {
			isa = PBXContainerItemProxy;
			containerPortal = 66BF89721CCDF8D00039E016 /* Project object */;
			proxyType = 1;
			remoteGlobalIDString = 66BF89791CCDF8D10039E016;
			remoteInfo = GDQrCodeScannerExample;
		};
		66BF899F1CCDF8D30039E016 /* PBXContainerItemProxy */ = {
			isa = PBXContainerItemProxy;
			containerPortal = 66BF89721CCDF8D00039E016 /* Project object */;
			proxyType = 1;
			remoteGlobalIDString = 66BF89791CCDF8D10039E016;
			remoteInfo = GDQrCodeScannerExample;
		};
/* End PBXContainerItemProxy section */

/* Begin PBXFileReference section */
		66BF897A1CCDF8D10039E016 /* GDQrCodeScannerExample.app */ = {isa = PBXFileReference; explicitFileType = wrapper.application; includeInIndex = 0; path = GDQrCodeScannerExample.app; sourceTree = BUILT_PRODUCTS_DIR; };
		66BF897E1CCDF8D20039E016 /* main.m */ = {isa = PBXFileReference; lastKnownFileType = sourcecode.c.objc; path = main.m; sourceTree = "<group>"; };
		66BF89801CCDF8D20039E016 /* AppDelegate.h */ = {isa = PBXFileReference; lastKnownFileType = sourcecode.c.h; path = AppDelegate.h; sourceTree = "<group>"; };
		66BF89811CCDF8D20039E016 /* AppDelegate.m */ = {isa = PBXFileReference; lastKnownFileType = sourcecode.c.objc; path = AppDelegate.m; sourceTree = "<group>"; };
		66BF89831CCDF8D20039E016 /* ViewController.h */ = {isa = PBXFileReference; lastKnownFileType = sourcecode.c.h; path = ViewController.h; sourceTree = "<group>"; };
		66BF89841CCDF8D20039E016 /* ViewController.m */ = {isa = PBXFileReference; lastKnownFileType = sourcecode.c.objc; path = ViewController.m; sourceTree = "<group>"; };
		66BF89871CCDF8D30039E016 /* Base */ = {isa = PBXFileReference; lastKnownFileType = file.storyboard; name = Base; path = Base.lproj/Main.storyboard; sourceTree = "<group>"; };
		66BF89891CCDF8D30039E016 /* Assets.xcassets */ = {isa = PBXFileReference; lastKnownFileType = folder.assetcatalog; path = Assets.xcassets; sourceTree = "<group>"; };
		66BF898C1CCDF8D30039E016 /* Base */ = {isa = PBXFileReference; lastKnownFileType = file.storyboard; name = Base; path = Base.lproj/LaunchScreen.storyboard; sourceTree = "<group>"; };
		66BF898E1CCDF8D30039E016 /* Info.plist */ = {isa = PBXFileReference; lastKnownFileType = text.plist.xml; path = Info.plist; sourceTree = "<group>"; };
		66BF89931CCDF8D30039E016 /* GDQrCodeScannerExampleTests.xctest */ = {isa = PBXFileReference; explicitFileType = wrapper.cfbundle; includeInIndex = 0; path = GDQrCodeScannerExampleTests.xctest; sourceTree = BUILT_PRODUCTS_DIR; };
		66BF89971CCDF8D30039E016 /* GDQrCodeScannerExampleTests.m */ = {isa = PBXFileReference; lastKnownFileType = sourcecode.c.objc; path = GDQrCodeScannerExampleTests.m; sourceTree = "<group>"; };
		66BF89991CCDF8D30039E016 /* Info.plist */ = {isa = PBXFileReference; lastKnownFileType = text.plist.xml; path = Info.plist; sourceTree = "<group>"; };
		66BF899E1CCDF8D30039E016 /* GDQrCodeScannerExampleUITests.xctest */ = {isa = PBXFileReference; explicitFileType = wrapper.cfbundle; includeInIndex = 0; path = GDQrCodeScannerExampleUITests.xctest; sourceTree = BUILT_PRODUCTS_DIR; };
		66BF89A21CCDF8D30039E016 /* GDQrCodeScannerExampleUITests.m */ = {isa = PBXFileReference; lastKnownFileType = sourcecode.c.objc; path = GDQrCodeScannerExampleUITests.m; sourceTree = "<group>"; };
		66BF89A41CCDF8D30039E016 /* Info.plist */ = {isa = PBXFileReference; lastKnownFileType = text.plist.xml; path = Info.plist; sourceTree = "<group>"; };
		66BF89B11CCDF9230039E016 /* GDQrCodeScanner.h */ = {isa = PBXFileReference; fileEncoding = 4; lastKnownFileType = sourcecode.c.h; path = GDQrCodeScanner.h; sourceTree = "<group>"; };
		66BF89B21CCDF9230039E016 /* GDQrCodeScanner.m */ = {isa = PBXFileReference; fileEncoding = 4; lastKnownFileType = sourcecode.c.objc; path = GDQrCodeScanner.m; sourceTree = "<group>"; };
/* End PBXFileReference section */

/* Begin PBXFrameworksBuildPhase section */
		66BF89771CCDF8D10039E016 /* Frameworks */ = {
			isa = PBXFrameworksBuildPhase;
			buildActionMask = 2147483647;
			files = (
			);
			runOnlyForDeploymentPostprocessing = 0;
		};
		66BF89901CCDF8D30039E016 /* Frameworks */ = {
			isa = PBXFrameworksBuildPhase;
			buildActionMask = 2147483647;
			files = (
			);
			runOnlyForDeploymentPostprocessing = 0;
		};
		66BF899B1CCDF8D30039E016 /* Frameworks */ = {
			isa = PBXFrameworksBuildPhase;
			buildActionMask = 2147483647;
			files = (
			);
			runOnlyForDeploymentPostprocessing = 0;
		};
/* End PBXFrameworksBuildPhase section */

/* Begin PBXGroup section */
		66BF89711CCDF8D00039E016 = {
			isa = PBXGroup;
			children = (
				66BF897C1CCDF8D20039E016 /* GDQrCodeScannerExample */,
				66BF89961CCDF8D30039E016 /* GDQrCodeScannerExampleTests */,
				66BF89A11CCDF8D30039E016 /* GDQrCodeScannerExampleUITests */,
				66BF897B1CCDF8D10039E016 /* Products */,
			);
			sourceTree = "<group>";
		};
		66BF897B1CCDF8D10039E016 /* Products */ = {
			isa = PBXGroup;
			children = (
				66BF897A1CCDF8D10039E016 /* GDQrCodeScannerExample.app */,
				66BF89931CCDF8D30039E016 /* GDQrCodeScannerExampleTests.xctest */,
				66BF899E1CCDF8D30039E016 /* GDQrCodeScannerExampleUITests.xctest */,
			);
			name = Products;
			sourceTree = "<group>";
		};
		66BF897C1CCDF8D20039E016 /* GDQrCodeScannerExample */ = {
			isa = PBXGroup;
			children = (
				66BF89B01CCDF9230039E016 /* GDQrCodeScanner */,
				66BF89801CCDF8D20039E016 /* AppDelegate.h */,
				66BF89811CCDF8D20039E016 /* AppDelegate.m */,
				66BF89831CCDF8D20039E016 /* ViewController.h */,
				66BF89841CCDF8D20039E016 /* ViewController.m */,
				66BF89861CCDF8D30039E016 /* Main.storyboard */,
				66BF89891CCDF8D30039E016 /* Assets.xcassets */,
				66BF898B1CCDF8D30039E016 /* LaunchScreen.storyboard */,
				66BF898E1CCDF8D30039E016 /* Info.plist */,
				66BF897D1CCDF8D20039E016 /* Supporting Files */,
			);
			path = GDQrCodeScannerExample;
			sourceTree = "<group>";
		};
		66BF897D1CCDF8D20039E016 /* Supporting Files */ = {
			isa = PBXGroup;
			children = (
				66BF897E1CCDF8D20039E016 /* main.m */,
			);
			name = "Supporting Files";
			sourceTree = "<group>";
		};
		66BF89961CCDF8D30039E016 /* GDQrCodeScannerExampleTests */ = {
			isa = PBXGroup;
			children = (
				66BF89971CCDF8D30039E016 /* GDQrCodeScannerExampleTests.m */,
				66BF89991CCDF8D30039E016 /* Info.plist */,
			);
			path = GDQrCodeScannerExampleTests;
			sourceTree = "<group>";
		};
		66BF89A11CCDF8D30039E016 /* GDQrCodeScannerExampleUITests */ = {
			isa = PBXGroup;
			children = (
				66BF89A21CCDF8D30039E016 /* GDQrCodeScannerExampleUITests.m */,
				66BF89A41CCDF8D30039E016 /* Info.plist */,
			);
			path = GDQrCodeScannerExampleUITests;
			sourceTree = "<group>";
		};
		66BF89B01CCDF9230039E016 /* GDQrCodeScanner */ = {
			isa = PBXGroup;
			children = (
				66BF89B11CCDF9230039E016 /* GDQrCodeScanner.h */,
				66BF89B21CCDF9230039E016 /* GDQrCodeScanner.m */,
			);
			path = GDQrCodeScanner;
			sourceTree = SOURCE_ROOT;
		};
/* End PBXGroup section */

/* Begin PBXNativeTarget section */
		66BF89791CCDF8D10039E016 /* GDQrCodeScannerExample */ = {
			isa = PBXNativeTarget;
			buildConfigurationList = 66BF89A71CCDF8D30039E016 /* Build configuration list for PBXNativeTarget "GDQrCodeScannerExample" */;
			buildPhases = (
				66BF89761CCDF8D10039E016 /* Sources */,
				66BF89771CCDF8D10039E016 /* Frameworks */,
				66BF89781CCDF8D10039E016 /* Resources */,
			);
			buildRules = (
			);
			dependencies = (
			);
			name = GDQrCodeScannerExample;
			productName = GDQrCodeScannerExample;
			productReference = 66BF897A1CCDF8D10039E016 /* GDQrCodeScannerExample.app */;
			productType = "com.apple.product-type.application";
		};
		66BF89921CCDF8D30039E016 /* GDQrCodeScannerExampleTests */ = {
			isa = PBXNativeTarget;
			buildConfigurationList = 66BF89AA1CCDF8D30039E016 /* Build configuration list for PBXNativeTarget "GDQrCodeScannerExampleTests" */;
			buildPhases = (
				66BF898F1CCDF8D30039E016 /* Sources */,
				66BF89901CCDF8D30039E016 /* Frameworks */,
				66BF89911CCDF8D30039E016 /* Resources */,
			);
			buildRules = (
			);
			dependencies = (
				66BF89951CCDF8D30039E016 /* PBXTargetDependency */,
			);
			name = GDQrCodeScannerExampleTests;
			productName = GDQrCodeScannerExampleTests;
			productReference = 66BF89931CCDF8D30039E016 /* GDQrCodeScannerExampleTests.xctest */;
			productType = "com.apple.product-type.bundle.unit-test";
		};
		66BF899D1CCDF8D30039E016 /* GDQrCodeScannerExampleUITests */ = {
			isa = PBXNativeTarget;
			buildConfigurationList = 66BF89AD1CCDF8D30039E016 /* Build configuration list for PBXNativeTarget "GDQrCodeScannerExampleUITests" */;
			buildPhases = (
				66BF899A1CCDF8D30039E016 /* Sources */,
				66BF899B1CCDF8D30039E016 /* Frameworks */,
				66BF899C1CCDF8D30039E016 /* Resources */,
			);
			buildRules = (
			);
			dependencies = (
				66BF89A01CCDF8D30039E016 /* PBXTargetDependency */,
			);
			name = GDQrCodeScannerExampleUITests;
			productName = GDQrCodeScannerExampleUITests;
			productReference = 66BF899E1CCDF8D30039E016 /* GDQrCodeScannerExampleUITests.xctest */;
			productType = "com.apple.product-type.bundle.ui-testing";
		};
/* End PBXNativeTarget section */

/* Begin PBXProject section */
		66BF89721CCDF8D00039E016 /* Project object */ = {
			isa = PBXProject;
			attributes = {
				LastUpgradeCheck = 0730;
				ORGANIZATIONNAME = "林广德";
				TargetAttributes = {
					66BF89791CCDF8D10039E016 = {
						CreatedOnToolsVersion = 7.3;
					};
					66BF89921CCDF8D30039E016 = {
						CreatedOnToolsVersion = 7.3;
						TestTargetID = 66BF89791CCDF8D10039E016;
					};
					66BF899D1CCDF8D30039E016 = {
						CreatedOnToolsVersion = 7.3;
						TestTargetID = 66BF89791CCDF8D10039E016;
					};
				};
			};
			buildConfigurationList = 66BF89751CCDF8D00039E016 /* Build configuration list for PBXProject "GDQrCodeScannerExample" */;
			compatibilityVersion = "Xcode 3.2";
			developmentRegion = English;
			hasScannedForEncodings = 0;
			knownRegions = (
				en,
				Base,
			);
			mainGroup = 66BF89711CCDF8D00039E016;
			productRefGroup = 66BF897B1CCDF8D10039E016 /* Products */;
			projectDirPath = "";
			projectRoot = "";
			targets = (
				66BF89791CCDF8D10039E016 /* GDQrCodeScannerExample */,
				66BF89921CCDF8D30039E016 /* GDQrCodeScannerExampleTests */,
				66BF899D1CCDF8D30039E016 /* GDQrCodeScannerExampleUITests */,
			);
		};
/* End PBXProject section */

/* Begin PBXResourcesBuildPhase section */
		66BF89781CCDF8D10039E016 /* Resources */ = {
			isa = PBXResourcesBuildPhase;
			buildActionMask = 2147483647;
			files = (
				66BF898D1CCDF8D30039E016 /* LaunchScreen.storyboard in Resources */,
				66BF898A1CCDF8D30039E016 /* Assets.xcassets in Resources */,
				66BF89881CCDF8D30039E016 /* Main.storyboard in Resources */,
			);
			runOnlyForDeploymentPostprocessing = 0;
		};
		66BF89911CCDF8D30039E016 /* Resources */ = {
			isa = PBXResourcesBuildPhase;
			buildActionMask = 2147483647;
			files = (
			);
			runOnlyForDeploymentPostprocessing = 0;
		};
		66BF899C1CCDF8D30039E016 /* Resources */ = {
			isa = PBXResourcesBuildPhase;
			buildActionMask = 2147483647;
			files = (
			);
			runOnlyForDeploymentPostprocessing = 0;
		};
/* End PBXResourcesBuildPhase section */

/* Begin PBXSourcesBuildPhase section */
		66BF89761CCDF8D10039E016 /* Sources */ = {
			isa = PBXSourcesBuildPhase;
			buildActionMask = 2147483647;
			files = (
				66BF89851CCDF8D20039E016 /* ViewController.m in Sources */,
				66BF89821CCDF8D20039E016 /* AppDelegate.m in Sources */,
				66BF897F1CCDF8D20039E016 /* main.m in Sources */,
				66BF89B31CCDF9230039E016 /* GDQrCodeScanner.m in Sources */,
			);
			runOnlyForDeploymentPostprocessing = 0;
		};
		66BF898F1CCDF8D30039E016 /* Sources */ = {
			isa = PBXSourcesBuildPhase;
			buildActionMask = 2147483647;
			files = (
				66BF89981CCDF8D30039E016 /* GDQrCodeScannerExampleTests.m in Sources */,
			);
			runOnlyForDeploymentPostprocessing = 0;
		};
		66BF899A1CCDF8D30039E016 /* Sources */ = {
			isa = PBXSourcesBuildPhase;
			buildActionMask = 2147483647;
			files = (
				66BF89A31CCDF8D30039E016 /* GDQrCodeScannerExampleUITests.m in Sources */,
			);
			runOnlyForDeploymentPostprocessing = 0;
		};
/* End PBXSourcesBuildPhase section */

/* Begin PBXTargetDependency section */
		66BF89951CCDF8D30039E016 /* PBXTargetDependency */ = {
			isa = PBXTargetDependency;
			target = 66BF89791CCDF8D10039E016 /* GDQrCodeScannerExample */;
			targetProxy = 66BF89941CCDF8D30039E016 /* PBXContainerItemProxy */;
		};
		66BF89A01CCDF8D30039E016 /* PBXTargetDependency */ = {
			isa = PBXTargetDependency;
			target = 66BF89791CCDF8D10039E016 /* GDQrCodeScannerExample */;
			targetProxy = 66BF899F1CCDF8D30039E016 /* PBXContainerItemProxy */;
		};
/* End PBXTargetDependency section */

/* Begin PBXVariantGroup section */
		66BF89861CCDF8D30039E016 /* Main.storyboard */ = {
			isa = PBXVariantGroup;
			children = (
				66BF89871CCDF8D30039E016 /* Base */,
			);
			name = Main.storyboard;
			sourceTree = "<group>";
		};
		66BF898B1CCDF8D30039E016 /* LaunchScreen.storyboard */ = {
			isa = PBXVariantGroup;
			children = (
				66BF898C1CCDF8D30039E016 /* Base */,
			);
			name = LaunchScreen.storyboard;
			sourceTree = "<group>";
		};
/* End PBXVariantGroup section */

/* Begin XCBuildConfiguration section */
		66BF89A51CCDF8D30039E016 /* Debug */ = {
			isa = XCBuildConfiguration;
			buildSettings = {
				ALWAYS_SEARCH_USER_PATHS = NO;
				CLANG_ANALYZER_NONNULL = YES;
				CLANG_CXX_LANGUAGE_STANDARD = "gnu++0x";
				CLANG_CXX_LIBRARY = "libc++";
				CLANG_ENABLE_MODULES = YES;
				CLANG_ENABLE_OBJC_ARC = YES;
				CLANG_WARN_BOOL_CONVERSION = YES;
				CLANG_WARN_CONSTANT_CONVERSION = YES;
				CLANG_WARN_DIRECT_OBJC_ISA_USAGE = YES_ERROR;
				CLANG_WARN_EMPTY_BODY = YES;
				CLANG_WARN_ENUM_CONVERSION = YES;
				CLANG_WARN_INT_CONVERSION = YES;
				CLANG_WARN_OBJC_ROOT_CLASS = YES_ERROR;
				CLANG_WARN_UNREACHABLE_CODE = YES;
				CLANG_WARN__DUPLICATE_METHOD_MATCH = YES;
				"CODE_SIGN_IDENTITY[sdk=iphoneos*]" = "iPhone Developer";
				COPY_PHASE_STRIP = NO;
				DEBUG_INFORMATION_FORMAT = dwarf;
				ENABLE_STRICT_OBJC_MSGSEND = YES;
				ENABLE_TESTABILITY = YES;
				GCC_C_LANGUAGE_STANDARD = gnu99;
				GCC_DYNAMIC_NO_PIC = NO;
				GCC_NO_COMMON_BLOCKS = YES;
				GCC_OPTIMIZATION_LEVEL = 0;
				GCC_PREPROCESSOR_DEFINITIONS = (
					"DEBUG=1",
					"$(inherited)",
				);
				GCC_WARN_64_TO_32_BIT_CONVERSION = YES;
				GCC_WARN_ABOUT_RETURN_TYPE = YES_ERROR;
				GCC_WARN_UNDECLARED_SELECTOR = YES;
				GCC_WARN_UNINITIALIZED_AUTOS = YES_AGGRESSIVE;
				GCC_WARN_UNUSED_FUNCTION = YES;
				GCC_WARN_UNUSED_VARIABLE = YES;
				IPHONEOS_DEPLOYMENT_TARGET = 9.3;
				MTL_ENABLE_DEBUG_INFO = YES;
				ONLY_ACTIVE_ARCH = YES;
				SDKROOT = iphoneos;
				TARGETED_DEVICE_FAMILY = "1,2";
			};
			name = Debug;
		};
		66BF89A61CCDF8D30039E016 /* Release */ = {
			isa = XCBuildConfiguration;
			buildSettings = {
				ALWAYS_SEARCH_USER_PATHS = NO;
				CLANG_ANALYZER_NONNULL = YES;
				CLANG_CXX_LANGUAGE_STANDARD = "gnu++0x";
				CLANG_CXX_LIBRARY = "libc++";
				CLANG_ENABLE_MODULES = YES;
				CLANG_ENABLE_OBJC_ARC = YES;
				CLANG_WARN_BOOL_CONVERSION = YES;
				CLANG_WARN_CONSTANT_CONVERSION = YES;
				CLANG_WARN_DIRECT_OBJC_ISA_USAGE = YES_ERROR;
				CLANG_WARN_EMPTY_BODY = YES;
				CLANG_WARN_ENUM_CONVERSION = YES;
				CLANG_WARN_INT_CONVERSION = YES;
				CLANG_WARN_OBJC_ROOT_CLASS = YES_ERROR;
				CLANG_WARN_UNREACHABLE_CODE = YES;
				CLANG_WARN__DUPLICATE_METHOD_MATCH = YES;
				"CODE_SIGN_IDENTITY[sdk=iphoneos*]" = "iPhone Developer";
				COPY_PHASE_STRIP = NO;
				DEBUG_INFORMATION_FORMAT = "dwarf-with-dsym";
				ENABLE_NS_ASSERTIONS = NO;
				ENABLE_STRICT_OBJC_MSGSEND = YES;
				GCC_C_LANGUAGE_STANDARD = gnu99;
				GCC_NO_COMMON_BLOCKS = YES;
				GCC_WARN_64_TO_32_BIT_CONVERSION = YES;
				GCC_WARN_ABOUT_RETURN_TYPE = YES_ERROR;
				GCC_WARN_UNDECLARED_SELECTOR = YES;
				GCC_WARN_UNINITIALIZED_AUTOS = YES_AGGRESSIVE;
				GCC_WARN_UNUSED_FUNCTION = YES;
				GCC_WARN_UNUSED_VARIABLE = YES;
				IPHONEOS_DEPLOYMENT_TARGET = 9.3;
				MTL_ENABLE_DEBUG_INFO = NO;
				SDKROOT = iphoneos;
				TARGETED_DEVICE_FAMILY = "1,2";
				VALIDATE_PRODUCT = YES;
			};
			name = Release;
		};
		66BF89A81CCDF8D30039E016 /* Debug */ = {
			isa = XCBuildConfiguration;
			buildSettings = {
				ASSETCATALOG_COMPILER_APPICON_NAME = AppIcon;
				INFOPLIST_FILE = GDQrCodeScannerExample/Info.plist;
				LD_RUNPATH_SEARCH_PATHS = "$(inherited) @executable_path/Frameworks";
				PRODUCT_BUNDLE_IDENTIFIER = com.lingd600.GDQrCodeScannerExample;
				PRODUCT_NAME = "$(TARGET_NAME)";
			};
			name = Debug;
		};
		66BF89A91CCDF8D30039E016 /* Release */ = {
			isa = XCBuildConfiguration;
			buildSettings = {
				ASSETCATALOG_COMPILER_APPICON_NAME = AppIcon;
				INFOPLIST_FILE = GDQrCodeScannerExample/Info.plist;
				LD_RUNPATH_SEARCH_PATHS = "$(inherited) @executable_path/Frameworks";
				PRODUCT_BUNDLE_IDENTIFIER = com.lingd600.GDQrCodeScannerExample;
				PRODUCT_NAME = "$(TARGET_NAME)";
			};
			name = Release;
		};
		66BF89AB1CCDF8D30039E016 /* Debug */ = {
			isa = XCBuildConfiguration;
			buildSettings = {
				BUNDLE_LOADER = "$(TEST_HOST)";
				INFOPLIST_FILE = GDQrCodeScannerExampleTests/Info.plist;
				LD_RUNPATH_SEARCH_PATHS = "$(inherited) @executable_path/Frameworks @loader_path/Frameworks";
				PRODUCT_BUNDLE_IDENTIFIER = com.lingd600.GDQrCodeScannerExampleTests;
				PRODUCT_NAME = "$(TARGET_NAME)";
				TEST_HOST = "$(BUILT_PRODUCTS_DIR)/GDQrCodeScannerExample.app/GDQrCodeScannerExample";
			};
			name = Debug;
		};
		66BF89AC1CCDF8D30039E016 /* Release */ = {
			isa = XCBuildConfiguration;
			buildSettings = {
				BUNDLE_LOADER = "$(TEST_HOST)";
				INFOPLIST_FILE = GDQrCodeScannerExampleTests/Info.plist;
				LD_RUNPATH_SEARCH_PATHS = "$(inherited) @executable_path/Frameworks @loader_path/Frameworks";
				PRODUCT_BUNDLE_IDENTIFIER = com.lingd600.GDQrCodeScannerExampleTests;
				PRODUCT_NAME = "$(TARGET_NAME)";
				TEST_HOST = "$(BUILT_PRODUCTS_DIR)/GDQrCodeScannerExample.app/GDQrCodeScannerExample";
			};
			name = Release;
		};
		66BF89AE1CCDF8D30039E016 /* Debug */ = {
			isa = XCBuildConfiguration;
			buildSettings = {
				INFOPLIST_FILE = GDQrCodeScannerExampleUITests/Info.plist;
				LD_RUNPATH_SEARCH_PATHS = "$(inherited) @executable_path/Frameworks @loader_path/Frameworks";
				PRODUCT_BUNDLE_IDENTIFIER = com.lingd600.GDQrCodeScannerExampleUITests;
				PRODUCT_NAME = "$(TARGET_NAME)";
				TEST_TARGET_NAME = GDQrCodeScannerExample;
			};
			name = Debug;
		};
		66BF89AF1CCDF8D30039E016 /* Release */ = {
			isa = XCBuildConfiguration;
			buildSettings = {
				INFOPLIST_FILE = GDQrCodeScannerExampleUITests/Info.plist;
				LD_RUNPATH_SEARCH_PATHS = "$(inherited) @executable_path/Frameworks @loader_path/Frameworks";
				PRODUCT_BUNDLE_IDENTIFIER = com.lingd600.GDQrCodeScannerExampleUITests;
				PRODUCT_NAME = "$(TARGET_NAME)";
				TEST_TARGET_NAME = GDQrCodeScannerExample;
			};
			name = Release;
		};
/* End XCBuildConfiguration section */

/* Begin XCConfigurationList section */
		66BF89751CCDF8D00039E016 /* Build configuration list for PBXProject "GDQrCodeScannerExample" */ = {
			isa = XCConfigurationList;
			buildConfigurations = (
				66BF89A51CCDF8D30039E016 /* Debug */,
				66BF89A61CCDF8D30039E016 /* Release */,
			);
			defaultConfigurationIsVisible = 0;
			defaultConfigurationName = Release;
		};
		66BF89A71CCDF8D30039E016 /* Build configuration list for PBXNativeTarget "GDQrCodeScannerExample" */ = {
			isa = XCConfigurationList;
			buildConfigurations = (
				66BF89A81CCDF8D30039E016 /* Debug */,
				66BF89A91CCDF8D30039E016 /* Release */,
			);
			defaultConfigurationIsVisible = 0;
			defaultConfigurationName = Release;
		};
		66BF89AA1CCDF8D30039E016 /* Build configuration list for PBXNativeTarget "GDQrCodeScannerExampleTests" */ = {
			isa = XCConfigurationList;
			buildConfigurations = (
				66BF89AB1CCDF8D30039E016 /* Debug */,
				66BF89AC1CCDF8D30039E016 /* Release */,
			);
			defaultConfigurationIsVisible = 0;
			defaultConfigurationName = Release;
		};
		66BF89AD1CCDF8D30039E016 /* Build configuration list for PBXNativeTarget "GDQrCodeScannerExampleUITests" */ = {
			isa = XCConfigurationList;
			buildConfigurations = (
				66BF89AE1CCDF8D30039E016 /* Debug */,
				66BF89AF1CCDF8D30039E016 /* Release */,
			);
			defaultConfigurationIsVisible = 0;
			defaultConfigurationName = Release;
		};
/* End XCConfigurationList section */
	};
	rootObject = 66BF89721CCDF8D00039E016 /* Project object */;
}
